
Microsoft Visual Studio Solution File, Format Version 12.00
# Visual Studio 15
VisualStudioVersion = 15.0.28010.2036
MinimumVisualStudioVersion = 10.0.40219.1
Project("{FAE04EC0-301F-11D3-BF4B-00C04F79EFBC}") = "ComApp", "ComApp\ComApp.csproj", "{2198957D-E260-4219-86A9-1FD1C1B2373F}"
EndProject
Global
	GlobalSection(SolutionConfigurationPlatforms) = preSolution
		Debug|Any CPU = Debug|Any CPU
		Release|Any CPU = Release|Any CPU
	EndGlobalSection
	GlobalSection(ProjectConfigurationPlatforms) = postSolution
		{2198957D-E260-4219-86A9-1FD1C1B2373F}.Debug|Any CPU.ActiveCfg = Debug|Any CPU
		{2198957D-E260-4219-86A9-1FD1C1B2373F}.Debug|Any CPU.Build.0 = Debug|Any CPU
		{2198957D-E260-4219-86A9-1FD1C1B2373F}.Release|Any CPU.ActiveCfg = Release|Any CPU
		{2198957D-E260-4219-86A9-1FD1C1B2373F}.Release|Any CPU.Build.0 = Release|Any CPU
	EndGlobalSection
	GlobalSection(SolutionProperties) = preSolution
		HideSolutionNode = FALSE
	EndGlobalSection
	GlobalSection(ExtensibilityGlobals) = postSolution
		SolutionGuid = {45FB9851-AFC7-49C0-8AF8-EA4DCC597DCF}
	EndGlobalSection
EndGlobal
